
Microsoft Visual Studio Solution File, Format Version 12.00
# Visual Studio Version 16
VisualStudioVersion = 16.0.32929.386
MinimumVisualStudioVersion = 10.0.40219.1
Project("{FAE04EC0-301F-11D3-BF4B-00C04F79EFBC}") = "Lab q3.1", "Lab q3.1\Lab q3.1.csproj", "{9B4C3AD6-C4AC-4B7E-9617-6DE71D98E69B}"
EndProject
Global
	GlobalSection(SolutionConfigurationPlatforms) = preSolution
		Debug|Any CPU = Debug|Any CPU
		Release|Any CPU = Release|Any CPU
	EndGlobalSection
	GlobalSection(ProjectConfigurationPlatforms) = postSolution
		{9B4C3AD6-C4AC-4B7E-9617-6DE71D98E69B}.Debug|Any CPU.ActiveCfg = Debug|Any CPU
		{9B4C3AD6-C4AC-4B7E-9617-6DE71D98E69B}.Debug|Any CPU.Build.0 = Debug|Any CPU
		{9B4C3AD6-C4AC-4B7E-9617-6DE71D98E69B}.Release|Any CPU.ActiveCfg = Release|Any CPU
		{9B4C3AD6-C4AC-4B7E-9617-6DE71D98E69B}.Release|Any CPU.Build.0 = Release|Any CPU
	EndGlobalSection
	GlobalSection(SolutionProperties) = preSolution
		HideSolutionNode = FALSE
	EndGlobalSection
	GlobalSection(ExtensibilityGlobals) = postSolution
		SolutionGuid = {740F3167-F98C-48E8-AD75-FFA171518D02}
	EndGlobalSection
EndGlobal
